{
  "lockfile-version": 1,
  "manifest": {
    "version": 1,
    "install": {
      "act": {
        "pkg-path": "act"
      },
      "nodejs": {
        "pkg-path": "nodejs",
        "pkg-group": "nodejs"
      },
      "pre-commit": {
        "pkg-path": "pre-commit"
      }
    },
    "hook": {},
    "profile": {},
    "options": {}
  },
  "packages": [
    {
      "attr_path": "nodejs",
      "broken": false,
      "derivation": "/nix/store/0jp24w00c62cysdikz38xrnmxwzv0q4r-nodejs-24.13.0.drv",
      "description": "Event-driven I/O framework for the V8 JavaScript engine",
      "install_id": "nodejs",
      "license": "MIT",
      "locked_url": "https://github.com/flox/nixpkgs?rev=e6eae2ee2110f3d31110d5c222cd395303343b08",
      "name": "nodejs-24.13.0",
      "pname": "nodejs",
      "rev": "e6eae2ee2110f3d31110d5c222cd395303343b08",
      "rev_count": 939624,
      "rev_date": "2026-02-03T10:48:24Z",
      "scrape_date": "2026-02-04T04:36:20.609043Z",
      "stabilities": [
        "unstable"
      ],
      "unfree": false,
      "version": "24.13.0",
      "outputs_to_install": [
        "out"
      ],
      "outputs": {
        "dev": "/nix/store/ywm49y8ncwny2nr0wvs6vmaxqjiqg523-nodejs-24.13.0-dev",
        "libv8": "/nix/store/67xyvmmgkisc7mr16wbpyjq2fqyz44af-nodejs-24.13.0-libv8",
        "out": "/nix/store/szvl8aalaplzshakdpyq8l5yq8q1bw66-nodejs-24.13.0"
      },
      "system": "aarch64-darwin",
      "group": "nodejs",
      "priority": 5
    },
    {
      "attr_path": "nodejs",
      "broken": false,
      "derivation": "/nix/store/l64r4vxgdpi0jxp27mvr9sj2c2mq2cys-nodejs-24.13.0.drv",
      "description": "Event-driven I/O framework for the V8 JavaScript engine",
      "install_id": "nodejs",
      "license": "MIT",
      "locked_url": "https://github.com/flox/nixpkgs?rev=e6eae2ee2110f3d31110d5c222cd395303343b08",
      "name": "nodejs-24.13.0",
      "pname": "nodejs",
      "rev": "e6eae2ee2110f3d31110d5c222cd395303343b08",
      "rev_count": 939624,
      "rev_date": "2026-02-03T10:48:24Z",
      "scrape_date": "2026-02-04T05:06:09.961804Z",
      "stabilities": [
        "unstable"
      ],
      "unfree": false,
      "version": "24.13.0",
      "outputs_to_install": [
        "out"
      ],
      "outputs": {
        "dev": "/nix/store/qk4n3r5bvqzvpaq1qbpwwf47zg51wrhq-nodejs-24.13.0-dev",
        "libv8": "/nix/store/rh9dg0mdq0hnp4cbdy4zdbmy6hnhxcfh-nodejs-24.13.0-libv8",
        "out": "/nix/store/rpyb0275h916mxx8a0cm7yavm4qbr4j9-nodejs-24.13.0"
      },
      "system": "aarch64-linux",
      "group": "nodejs",
      "priority": 5
    },
    {
      "attr_path": "nodejs",
      "broken": false,
      "derivation": "/nix/store/xgryfaiwfymf8ndij80ssly7q2kdq8y1-nodejs-24.13.0.drv",
      "description": "Event-driven I/O framework for the V8 JavaScript engine",
      "install_id": "nodejs",
      "license": "MIT",
      "locked_url": "https://github.com/flox/nixpkgs?rev=e6eae2ee2110f3d31110d5c222cd395303343b08",
      "name": "nodejs-24.13.0",
      "pname": "nodejs",
      "rev": "e6eae2ee2110f3d31110d5c222cd395303343b08",
      "rev_count": 939624,
      "rev_date": "2026-02-03T10:48:24Z",
      "scrape_date": "2026-02-04T05:34:22.939755Z",
      "stabilities": [
        "unstable"
      ],
      "unfree": false,
      "version": "24.13.0",
      "outputs_to_install": [
        "out"
      ],
      "outputs": {
        "dev": "/nix/store/rp55bch0hqxynmxnh7q5bs586kp0dib6-nodejs-24.13.0-dev",
        "libv8": "/nix/store/dvl504xzwklpfjngdnn6kcpriklwsf6l-nodejs-24.13.0-libv8",
        "out": "/nix/store/xhp1pnnq7hski7hwg36vw7kpxmg56khh-nodejs-24.13.0"
      },
      "system": "x86_64-darwin",
      "group": "nodejs",
      "priority": 5
    },
    {
      "attr_path": "nodejs",
      "broken": false,
      "derivation": "/nix/store/qk40027pvikybl0lvr1wmia9n8ljf99c-nodejs-24.13.0.drv",
      "description": "Event-driven I/O framework for the V8 JavaScript engine",
      "install_id": "nodejs",
      "license": "MIT",
      "locked_url": "https://github.com/flox/nixpkgs?rev=e6eae2ee2110f3d31110d5c222cd395303343b08",
      "name": "nodejs-24.13.0",
      "pname": "nodejs",
      "rev": "e6eae2ee2110f3d31110d5c222cd395303343b08",
      "rev_count": 939624,
      "rev_date": "2026-02-03T10:48:24Z",
      "scrape_date": "2026-02-04T06:07:46.713693Z",
      "stabilities": [
        "unstable"
      ],
      "unfree": false,
      "version": "24.13.0",
      "outputs_to_install": [
        "out"
      ],
      "outputs": {
        "dev": "/nix/store/hc7fav9y6ai53nqbbpjxprwnkakl1w2d-nodejs-24.13.0-dev",
        "libv8": "/nix/store/z7m56hl4rzdrfhnnkwig0ibzs1qz1x5d-nodejs-24.13.0-libv8",
        "out": "/nix/store/9cyx2v23dip6p9q98384k9v06c96qskb-nodejs-24.13.0"
      },
      "system": "x86_64-linux",
      "group": "nodejs",
      "priority": 5
    },
    {
      "attr_path": "act",
      "broken": false,
      "derivation": "/nix/store/ccyl81slrphm32f6djd0kd6kqbn5zrps-act-0.2.84.drv",
      "description": "Run your GitHub Actions locally",
      "install_id": "act",
      "license": "MIT",
      "locked_url": "https://github.com/flox/nixpkgs?rev=88d3861acdd3d2f0e361767018218e51810df8a1",
      "name": "act-0.2.84",
      "pname": "act",
      "rev": "88d3861acdd3d2f0e361767018218e51810df8a1",
      "rev_count": 931542,
      "rev_date": "2026-01-21T18:02:10Z",
      "scrape_date": "2026-01-23T04:32:29.841890Z",
      "stabilities": [
        "staging",
        "unstable"
      ],
      "unfree": false,
      "version": "0.2.84",
      "outputs_to_install": [
        "out"
      ],
      "outputs": {
        "out": "/nix/store/a66igc76c2vzyl3q5z7c7kf7dr4b9is5-act-0.2.84"
      },
      "system": "aarch64-darwin",
      "group": "toplevel",
      "priority": 5
    },
    {
      "attr_path": "act",
      "broken": false,
      "derivation": "/nix/store/iihr3wvj2b5adbwvwv0dh11b0rn03vzk-act-0.2.84.drv",
      "description": "Run your GitHub Actions locally",
      "install_id": "act",
      "license": "MIT",
      "locked_url": "https://github.com/flox/nixpkgs?rev=88d3861acdd3d2f0e361767018218e51810df8a1",
      "name": "act-0.2.84",
      "pname": "act",
      "rev": "88d3861acdd3d2f0e361767018218e51810df8a1",
      "rev_count": 931542,
      "rev_date": "2026-01-21T18:02:10Z",
      "scrape_date": "2026-01-23T05:12:33.590614Z",
      "stabilities": [
        "staging",
        "unstable"
      ],
      "unfree": false,
      "version": "0.2.84",
      "outputs_to_install": [
        "out"
      ],
      "outputs": {
        "out": "/nix/store/wwrpc61p07x97b27ryhyks8zc9bq4j5c-act-0.2.84"
      },
      "system": "aarch64-linux",
      "group": "toplevel",
      "priority": 5
    },
    {
      "attr_path": "act",
      "broken": false,
      "derivation": "/nix/store/jihh2ph2y8idpf34s5mmv9k4p7kdza9p-act-0.2.84.drv",
      "description": "Run your GitHub Actions locally",
      "install_id": "act",
      "license": "MIT",
      "locked_url": "https://github.com/flox/nixpkgs?rev=88d3861acdd3d2f0e361767018218e51810df8a1",
      "name": "act-0.2.84",
      "pname": "act",
      "rev": "88d3861acdd3d2f0e361767018218e51810df8a1",
      "rev_count": 931542,
      "rev_date": "2026-01-21T18:02:10Z",
      "scrape_date": "2026-01-23T05:49:36.063515Z",
      "stabilities": [
        "staging",
        "unstable"
      ],
      "unfree": false,
      "version": "0.2.84",
      "outputs_to_install": [
        "out"
      ],
      "outputs": {
        "out": "/nix/store/v5fv7inyakck6m1f5q4xz78gfk7r1al7-act-0.2.84"
      },
      "system": "x86_64-darwin",
      "group": "toplevel",
      "priority": 5
    },
    {
      "attr_path": "act",
      "broken": false,
      "derivation": "/nix/store/yg9mcbj6lgsisnh6z9pqzfjsvaz0iiq8-act-0.2.84.drv",
      "description": "Run your GitHub Actions locally",
      "install_id": "act",
      "license": "MIT",
      "locked_url": "https://github.com/flox/nixpkgs?rev=88d3861acdd3d2f0e361767018218e51810df8a1",
      "name": "act-0.2.84",
      "pname": "act",
      "rev": "88d3861acdd3d2f0e361767018218e51810df8a1",
      "rev_count": 931542,
      "rev_date": "2026-01-21T18:02:10Z",
      "scrape_date": "2026-01-23T06:35:54.266619Z",
      "stabilities": [
        "staging",
        "unstable"
      ],
      "unfree": false,
      "version": "0.2.84",
      "outputs_to_install": [
        "out"
      ],
      "outputs": {
        "out": "/nix/store/vpqyxvqac1f8pwva5ffxidr98qbfhn20-act-0.2.84"
      },
      "system": "x86_64-linux",
      "group": "toplevel",
      "priority": 5
    },
    {
      "attr_path": "pre-commit",
      "broken": false,
      "derivation": "/nix/store/jgrnpz21mnwqs9j0dk18vzrzqsnnddqw-pre-commit-4.5.1.drv",
      "description": "Framework for managing and maintaining multi-language pre-commit hooks",
      "install_id": "pre-commit",
      "license": "MIT",
      "locked_url": "https://github.com/flox/nixpkgs?rev=88d3861acdd3d2f0e361767018218e51810df8a1",
      "name": "pre-commit-4.5.1",
      "pname": "pre-commit",
      "rev": "88d3861acdd3d2f0e361767018218e51810df8a1",
      "rev_count": 931542,
      "rev_date": "2026-01-21T18:02:10Z",
      "scrape_date": "2026-01-23T04:33:07.504411Z",
      "stabilities": [
        "staging",
        "unstable"
      ],
      "unfree": false,
      "version": "4.5.1",
      "outputs_to_install": [
        "out"
      ],
      "outputs": {
        "dist": "/nix/store/ka8xgfcs4kcw6r6pdqxcyp5yismakg7n-pre-commit-4.5.1-dist",
        "out": "/nix/store/hqp4liqx5x8mv2qyr1hsl5qv5bd33p7i-pre-commit-4.5.1"
      },
      "system": "aarch64-darwin",
      "group": "toplevel",
      "priority": 5
    },
    {
      "attr_path": "pre-commit",
      "broken": false,
      "derivation": "/nix/store/l9dkrq40y67mrinwxack690cjw5h59p2-pre-commit-4.5.1.drv",
      "description": "Framework for managing and maintaining multi-language pre-commit hooks",
      "install_id": "pre-commit",
      "license": "MIT",
      "locked_url": "https://github.com/flox/nixpkgs?rev=88d3861acdd3d2f0e361767018218e51810df8a1",
      "name": "pre-commit-4.5.1",
      "pname": "pre-commit",
      "rev": "88d3861acdd3d2f0e361767018218e51810df8a1",
      "rev_count": 931542,
      "rev_date": "2026-01-21T18:02:10Z",
      "scrape_date": "2026-01-23T05:13:29.587986Z",
      "stabilities": [
        "staging",
        "unstable"
      ],
      "unfree": false,
      "version": "4.5.1",
      "outputs_to_install": [
        "out"
      ],
      "outputs": {
        "dist": "/nix/store/xplnq33klgsmw31an3ds9lsikl127xsr-pre-commit-4.5.1-dist",
        "out": "/nix/store/gjpbnhr5bxzh1ngx4mw47zl4gsb3iy9c-pre-commit-4.5.1"
      },
      "system": "aarch64-linux",
      "group": "toplevel",
      "priority": 5
    },
    {
      "attr_path": "pre-commit",
      "broken": false,
      "derivation": "/nix/store/7ds2m93f3xgaim2gpdpqs86xrbh11lkp-pre-commit-4.5.1.drv",
      "description": "Framework for managing and maintaining multi-language pre-commit hooks",
      "install_id": "pre-commit",
      "license": "MIT",
      "locked_url": "https://github.com/flox/nixpkgs?rev=88d3861acdd3d2f0e361767018218e51810df8a1",
      "name": "pre-commit-4.5.1",
      "pname": "pre-commit",
      "rev": "88d3861acdd3d2f0e361767018218e51810df8a1",
      "rev_count": 931542,
      "rev_date": "2026-01-21T18:02:10Z",
      "scrape_date": "2026-01-23T05:50:14.717202Z",
      "stabilities": [
        "staging",
        "unstable"
      ],
      "unfree": false,
      "version": "4.5.1",
      "outputs_to_install": [
        "out"
      ],
      "outputs": {
        "dist": "/nix/store/a2j9ifzbzz3hfyf83qgjadpr9i866r80-pre-commit-4.5.1-dist",
        "out": "/nix/store/jflhh85nx06kvgiq6h1p9vz31vl4gmzg-pre-commit-4.5.1"
      },
      "system": "x86_64-darwin",
      "group": "toplevel",
      "priority": 5
    },
    {
      "attr_path": "pre-commit",
      "broken": false,
      "derivation": "/nix/store/jb4m95x9z3yp4s1xd98lxgw8976zk3v4-pre-commit-4.5.1.drv",
      "description": "Framework for managing and maintaining multi-language pre-commit hooks",
      "install_id": "pre-commit",
      "license": "MIT",
      "locked_url": "https://github.com/flox/nixpkgs?rev=88d3861acdd3d2f0e361767018218e51810df8a1",
      "name": "pre-commit-4.5.1",
      "pname": "pre-commit",
      "rev": "88d3861acdd3d2f0e361767018218e51810df8a1",
      "rev_count": 931542,
      "rev_date": "2026-01-21T18:02:10Z",
      "scrape_date": "2026-01-23T06:36:54.311708Z",
      "stabilities": [
        "staging",
        "unstable"
      ],
      "unfree": false,
      "version": "4.5.1",
      "outputs_to_install": [
        "out"
      ],
      "outputs": {
        "dist": "/nix/store/v54bc85lpnnii94mgxqjxv1x5r51ihi5-pre-commit-4.5.1-dist",
        "out": "/nix/store/d3cs4k7ps9pxdq8l264s7hijiml10rzm-pre-commit-4.5.1"
      },
      "system": "x86_64-linux",
      "group": "toplevel",
      "priority": 5
    }
  ]
}
