{
  "lockfile-version": 1,
  "manifest": {
    "version": 1,
    "install": {
      "act": {
        "pkg-path": "act"
      },
      "nodejs": {
        "pkg-path": "nodejs",
        "pkg-group": "nodejs"
      },
      "pre-commit": {
        "pkg-path": "pre-commit"
      }
    },
    "hook": {},
    "profile": {},
    "options": {}
  },
  "packages": [
    {
      "attr_path": "nodejs",
      "broken": false,
      "derivation": "/nix/store/4r8pl1c0vr0wmvng3jpnajgd37cnxfcl-nodejs-24.13.0.drv",
      "description": "Event-driven I/O framework for the V8 JavaScript engine",
      "install_id": "nodejs",
      "license": "MIT",
      "locked_url": "https://github.com/flox/nixpkgs?rev=80bdc1e5ce51f56b19791b52b2901187931f5353",
      "name": "nodejs-24.13.0",
      "pname": "nodejs",
      "rev": "80bdc1e5ce51f56b19791b52b2901187931f5353",
      "rev_count": 958232,
      "rev_date": "2026-03-04T11:34:51Z",
      "scrape_date": "2026-03-06T04:40:27.483694Z",
      "stabilities": [
        "staging",
        "unstable"
      ],
      "unfree": false,
      "version": "24.13.0",
      "outputs_to_install": [
        "out"
      ],
      "outputs": {
        "out": "/nix/store/cx0jd5mwhn7ihryyv0qp9d33f8s1iwb7-nodejs-24.13.0"
      },
      "system": "aarch64-darwin",
      "group": "nodejs",
      "priority": 5
    },
    {
      "attr_path": "nodejs",
      "broken": false,
      "derivation": "/nix/store/pnwyrkhq53vm22yf620im61d2hmwdg0j-nodejs-24.13.0.drv",
      "description": "Event-driven I/O framework for the V8 JavaScript engine",
      "install_id": "nodejs",
      "license": "MIT",
      "locked_url": "https://github.com/flox/nixpkgs?rev=80bdc1e5ce51f56b19791b52b2901187931f5353",
      "name": "nodejs-24.13.0",
      "pname": "nodejs",
      "rev": "80bdc1e5ce51f56b19791b52b2901187931f5353",
      "rev_count": 958232,
      "rev_date": "2026-03-04T11:34:51Z",
      "scrape_date": "2026-03-06T05:11:27.537081Z",
      "stabilities": [
        "staging",
        "unstable"
      ],
      "unfree": false,
      "version": "24.13.0",
      "outputs_to_install": [
        "out"
      ],
      "outputs": {
        "out": "/nix/store/8dsjz52869ygjd6xdvibgk3ysl3fg6zp-nodejs-24.13.0"
      },
      "system": "aarch64-linux",
      "group": "nodejs",
      "priority": 5
    },
    {
      "attr_path": "nodejs",
      "broken": false,
      "derivation": "/nix/store/0ymmyc8xzrbn2psvx4phljpqzs8r9z72-nodejs-24.13.0.drv",
      "description": "Event-driven I/O framework for the V8 JavaScript engine",
      "install_id": "nodejs",
      "license": "MIT",
      "locked_url": "https://github.com/flox/nixpkgs?rev=80bdc1e5ce51f56b19791b52b2901187931f5353",
      "name": "nodejs-24.13.0",
      "pname": "nodejs",
      "rev": "80bdc1e5ce51f56b19791b52b2901187931f5353",
      "rev_count": 958232,
      "rev_date": "2026-03-04T11:34:51Z",
      "scrape_date": "2026-03-06T05:40:05.213815Z",
      "stabilities": [
        "staging",
        "unstable"
      ],
      "unfree": false,
      "version": "24.13.0",
      "outputs_to_install": [
        "out"
      ],
      "outputs": {
        "out": "/nix/store/i9bak02hsrywwba0apxdn7ldvkf9jl6a-nodejs-24.13.0"
      },
      "system": "x86_64-darwin",
      "group": "nodejs",
      "priority": 5
    },
    {
      "attr_path": "nodejs",
      "broken": false,
      "derivation": "/nix/store/nmzkrbm7lr655sc0xnl4yjch1lgc5jqh-nodejs-24.13.0.drv",
      "description": "Event-driven I/O framework for the V8 JavaScript engine",
      "install_id": "nodejs",
      "license": "MIT",
      "locked_url": "https://github.com/flox/nixpkgs?rev=80bdc1e5ce51f56b19791b52b2901187931f5353",
      "name": "nodejs-24.13.0",
      "pname": "nodejs",
      "rev": "80bdc1e5ce51f56b19791b52b2901187931f5353",
      "rev_count": 958232,
      "rev_date": "2026-03-04T11:34:51Z",
      "scrape_date": "2026-03-06T06:14:10.663262Z",
      "stabilities": [
        "staging",
        "unstable"
      ],
      "unfree": false,
      "version": "24.13.0",
      "outputs_to_install": [
        "out"
      ],
      "outputs": {
        "out": "/nix/store/sy0c7j0npsq33d9zhnnzvjnzc52f4y0p-nodejs-24.13.0"
      },
      "system": "x86_64-linux",
      "group": "nodejs",
      "priority": 5
    },
    {
      "attr_path": "act",
      "broken": false,
      "derivation": "/nix/store/2hylq02vqg137s1lfmmjpkqipdl3wkp4-act-0.2.84.drv",
      "description": "Run your GitHub Actions locally",
      "install_id": "act",
      "license": "MIT",
      "locked_url": "https://github.com/flox/nixpkgs?rev=80bdc1e5ce51f56b19791b52b2901187931f5353",
      "name": "act-0.2.84",
      "pname": "act",
      "rev": "80bdc1e5ce51f56b19791b52b2901187931f5353",
      "rev_count": 958232,
      "rev_date": "2026-03-04T11:34:51Z",
      "scrape_date": "2026-03-06T04:40:03.287029Z",
      "stabilities": [
        "staging",
        "unstable"
      ],
      "unfree": false,
      "version": "0.2.84",
      "outputs_to_install": [
        "out"
      ],
      "outputs": {
        "out": "/nix/store/i1f4l57vzk8gwbnwxjmalsr92c25jwsf-act-0.2.84"
      },
      "system": "aarch64-darwin",
      "group": "toplevel",
      "priority": 5
    },
    {
      "attr_path": "act",
      "broken": false,
      "derivation": "/nix/store/nnf3di20dygjmw6bjb8h07dxapbfs7zk-act-0.2.84.drv",
      "description": "Run your GitHub Actions locally",
      "install_id": "act",
      "license": "MIT",
      "locked_url": "https://github.com/flox/nixpkgs?rev=80bdc1e5ce51f56b19791b52b2901187931f5353",
      "name": "act-0.2.84",
      "pname": "act",
      "rev": "80bdc1e5ce51f56b19791b52b2901187931f5353",
      "rev_count": 958232,
      "rev_date": "2026-03-04T11:34:51Z",
      "scrape_date": "2026-03-06T05:10:48.815316Z",
      "stabilities": [
        "staging",
        "unstable"
      ],
      "unfree": false,
      "version": "0.2.84",
      "outputs_to_install": [
        "out"
      ],
      "outputs": {
        "out": "/nix/store/qj7834kzixm1qrsjhykcgmzgdsnidm5g-act-0.2.84"
      },
      "system": "aarch64-linux",
      "group": "toplevel",
      "priority": 5
    },
    {
      "attr_path": "act",
      "broken": false,
      "derivation": "/nix/store/gx3756r74idlg19ach9sa8gngq73vs4x-act-0.2.84.drv",
      "description": "Run your GitHub Actions locally",
      "install_id": "act",
      "license": "MIT",
      "locked_url": "https://github.com/flox/nixpkgs?rev=80bdc1e5ce51f56b19791b52b2901187931f5353",
      "name": "act-0.2.84",
      "pname": "act",
      "rev": "80bdc1e5ce51f56b19791b52b2901187931f5353",
      "rev_count": 958232,
      "rev_date": "2026-03-04T11:34:51Z",
      "scrape_date": "2026-03-06T05:39:40.954282Z",
      "stabilities": [
        "staging",
        "unstable"
      ],
      "unfree": false,
      "version": "0.2.84",
      "outputs_to_install": [
        "out"
      ],
      "outputs": {
        "out": "/nix/store/7n7yipgkvkg6dbfwhr507wcyiy3xppaq-act-0.2.84"
      },
      "system": "x86_64-darwin",
      "group": "toplevel",
      "priority": 5
    },
    {
      "attr_path": "act",
      "broken": false,
      "derivation": "/nix/store/piskkzbb3p78ln8sp25m2cq0w41lz3mk-act-0.2.84.drv",
      "description": "Run your GitHub Actions locally",
      "install_id": "act",
      "license": "MIT",
      "locked_url": "https://github.com/flox/nixpkgs?rev=80bdc1e5ce51f56b19791b52b2901187931f5353",
      "name": "act-0.2.84",
      "pname": "act",
      "rev": "80bdc1e5ce51f56b19791b52b2901187931f5353",
      "rev_count": 958232,
      "rev_date": "2026-03-04T11:34:51Z",
      "scrape_date": "2026-03-06T06:13:29.485041Z",
      "stabilities": [
        "staging",
        "unstable"
      ],
      "unfree": false,
      "version": "0.2.84",
      "outputs_to_install": [
        "out"
      ],
      "outputs": {
        "out": "/nix/store/z063ds4yv84j3h769b5lc0hlf29qqwc6-act-0.2.84"
      },
      "system": "x86_64-linux",
      "group": "toplevel",
      "priority": 5
    },
    {
      "attr_path": "pre-commit",
      "broken": false,
      "derivation": "/nix/store/a2dwdj3782wn57a3yys7ypbjikjscjrz-pre-commit-4.5.1.drv",
      "description": "Framework for managing and maintaining multi-language pre-commit hooks",
      "install_id": "pre-commit",
      "license": "MIT",
      "locked_url": "https://github.com/flox/nixpkgs?rev=80bdc1e5ce51f56b19791b52b2901187931f5353",
      "name": "pre-commit-4.5.1",
      "pname": "pre-commit",
      "rev": "80bdc1e5ce51f56b19791b52b2901187931f5353",
      "rev_count": 958232,
      "rev_date": "2026-03-04T11:34:51Z",
      "scrape_date": "2026-03-06T04:40:42.388314Z",
      "stabilities": [
        "staging",
        "unstable"
      ],
      "unfree": false,
      "version": "4.5.1",
      "outputs_to_install": [
        "out"
      ],
      "outputs": {
        "dist": "/nix/store/vx8bcz0p4c4nr57i0kszdnfk3vrxhc4n-pre-commit-4.5.1-dist",
        "out": "/nix/store/l55n4b26170g382dxchwchs5bb2mm816-pre-commit-4.5.1"
      },
      "system": "aarch64-darwin",
      "group": "toplevel",
      "priority": 5
    },
    {
      "attr_path": "pre-commit",
      "broken": false,
      "derivation": "/nix/store/q85l06xl9vx9l6l8hm6ig1f488rbhr5d-pre-commit-4.5.1.drv",
      "description": "Framework for managing and maintaining multi-language pre-commit hooks",
      "install_id": "pre-commit",
      "license": "MIT",
      "locked_url": "https://github.com/flox/nixpkgs?rev=80bdc1e5ce51f56b19791b52b2901187931f5353",
      "name": "pre-commit-4.5.1",
      "pname": "pre-commit",
      "rev": "80bdc1e5ce51f56b19791b52b2901187931f5353",
      "rev_count": 958232,
      "rev_date": "2026-03-04T11:34:51Z",
      "scrape_date": "2026-03-06T05:11:48.412394Z",
      "stabilities": [
        "staging",
        "unstable"
      ],
      "unfree": false,
      "version": "4.5.1",
      "outputs_to_install": [
        "out"
      ],
      "outputs": {
        "dist": "/nix/store/l94g308gxsvwzil56ssvg0nb55gkjxfj-pre-commit-4.5.1-dist",
        "out": "/nix/store/vry6jkxxy96b4vv8sr2yw2p2llangkd5-pre-commit-4.5.1"
      },
      "system": "aarch64-linux",
      "group": "toplevel",
      "priority": 5
    },
    {
      "attr_path": "pre-commit",
      "broken": false,
      "derivation": "/nix/store/77wwhjxj6lc04bh2p8a14w6bv73d503x-pre-commit-4.5.1.drv",
      "description": "Framework for managing and maintaining multi-language pre-commit hooks",
      "install_id": "pre-commit",
      "license": "MIT",
      "locked_url": "https://github.com/flox/nixpkgs?rev=80bdc1e5ce51f56b19791b52b2901187931f5353",
      "name": "pre-commit-4.5.1",
      "pname": "pre-commit",
      "rev": "80bdc1e5ce51f56b19791b52b2901187931f5353",
      "rev_count": 958232,
      "rev_date": "2026-03-04T11:34:51Z",
      "scrape_date": "2026-03-06T05:40:20.293898Z",
      "stabilities": [
        "staging",
        "unstable"
      ],
      "unfree": false,
      "version": "4.5.1",
      "outputs_to_install": [
        "out"
      ],
      "outputs": {
        "dist": "/nix/store/grbm0lk0i1fqliqj6lhgvymnr2kggvaj-pre-commit-4.5.1-dist",
        "out": "/nix/store/h3g711srm8fn3c12xs638bhrgs7vqml4-pre-commit-4.5.1"
      },
      "system": "x86_64-darwin",
      "group": "toplevel",
      "priority": 5
    },
    {
      "attr_path": "pre-commit",
      "broken": false,
      "derivation": "/nix/store/qdfv3mvgnw3r8lv23kfbll6n59vqrr2a-pre-commit-4.5.1.drv",
      "description": "Framework for managing and maintaining multi-language pre-commit hooks",
      "install_id": "pre-commit",
      "license": "MIT",
      "locked_url": "https://github.com/flox/nixpkgs?rev=80bdc1e5ce51f56b19791b52b2901187931f5353",
      "name": "pre-commit-4.5.1",
      "pname": "pre-commit",
      "rev": "80bdc1e5ce51f56b19791b52b2901187931f5353",
      "rev_count": 958232,
      "rev_date": "2026-03-04T11:34:51Z",
      "scrape_date": "2026-03-06T06:14:32.028255Z",
      "stabilities": [
        "staging",
        "unstable"
      ],
      "unfree": false,
      "version": "4.5.1",
      "outputs_to_install": [
        "out"
      ],
      "outputs": {
        "dist": "/nix/store/l3z236pck7hx6lz5x4s46xa0vkmjmvsh-pre-commit-4.5.1-dist",
        "out": "/nix/store/j3m430mdag04c150qlr72zbvhmpkb1cz-pre-commit-4.5.1"
      },
      "system": "x86_64-linux",
      "group": "toplevel",
      "priority": 5
    }
  ]
}
